
Microsoft Visual Studio Solution File, Format Version 12.00
# Visual Studio 15
VisualStudioVersion = 15.0.28010.2026
MinimumVisualStudioVersion = 10.0.40219.1
Project("{8BC9CEB8-8B4A-11D0-8D11-00A0C91BC942}") = "libDisassembler", "libDisassembler\libDisassembler.vcxproj", "{256D85DB-4686-4F5F-AE54-5AC377B86B51}"
EndProject
Project("{9A19103F-16F7-4668-BE54-9A1E7A4F7556}") = "Saar.LLVM.X86Disassembler", "Saar.LLVM.X86Disassembler\Saar.LLVM.X86Disassembler.csproj", "{E9BD47DC-F9DC-4ECC-A9FC-18D1B8CF7AB4}"
EndProject
Project("{FAE04EC0-301F-11D3-BF4B-00C04F79EFBC}") = "Test", "Test\Test.csproj", "{96477BDB-773F-46FE-90E3-7538887B14EB}"
EndProject
Global
	GlobalSection(SolutionConfigurationPlatforms) = preSolution
		Debug|Any CPU = Debug|Any CPU
		Debug|x64 = Debug|x64
		Debug|x86 = Debug|x86
		Release|Any CPU = Release|Any CPU
		Release|x64 = Release|x64
		Release|x86 = Release|x86
	EndGlobalSection
	GlobalSection(ProjectConfigurationPlatforms) = postSolution
		{256D85DB-4686-4F5F-AE54-5AC377B86B51}.Debug|Any CPU.ActiveCfg = Debug|Win32
		{256D85DB-4686-4F5F-AE54-5AC377B86B51}.Debug|x64.ActiveCfg = Debug|x64
		{256D85DB-4686-4F5F-AE54-5AC377B86B51}.Debug|x64.Build.0 = Debug|x64
		{256D85DB-4686-4F5F-AE54-5AC377B86B51}.Debug|x86.ActiveCfg = Debug|Win32
		{256D85DB-4686-4F5F-AE54-5AC377B86B51}.Debug|x86.Build.0 = Debug|Win32
		{256D85DB-4686-4F5F-AE54-5AC377B86B51}.Release|Any CPU.ActiveCfg = Release|Win32
		{256D85DB-4686-4F5F-AE54-5AC377B86B51}.Release|x64.ActiveCfg = Release|x64
		{256D85DB-4686-4F5F-AE54-5AC377B86B51}.Release|x64.Build.0 = Release|x64
		{256D85DB-4686-4F5F-AE54-5AC377B86B51}.Release|x86.ActiveCfg = Release|Win32
		{256D85DB-4686-4F5F-AE54-5AC377B86B51}.Release|x86.Build.0 = Release|Win32
		{E9BD47DC-F9DC-4ECC-A9FC-18D1B8CF7AB4}.Debug|Any CPU.ActiveCfg = Debug|Any CPU
		{E9BD47DC-F9DC-4ECC-A9FC-18D1B8CF7AB4}.Debug|Any CPU.Build.0 = Debug|Any CPU
		{E9BD47DC-F9DC-4ECC-A9FC-18D1B8CF7AB4}.Debug|x64.ActiveCfg = Debug|x64
		{E9BD47DC-F9DC-4ECC-A9FC-18D1B8CF7AB4}.Debug|x64.Build.0 = Debug|x64
		{E9BD47DC-F9DC-4ECC-A9FC-18D1B8CF7AB4}.Debug|x86.ActiveCfg = Debug|Any CPU
		{E9BD47DC-F9DC-4ECC-A9FC-18D1B8CF7AB4}.Debug|x86.Build.0 = Debug|Any CPU
		{E9BD47DC-F9DC-4ECC-A9FC-18D1B8CF7AB4}.Release|Any CPU.ActiveCfg = Release|Any CPU
		{E9BD47DC-F9DC-4ECC-A9FC-18D1B8CF7AB4}.Release|Any CPU.Build.0 = Release|Any CPU
		{E9BD47DC-F9DC-4ECC-A9FC-18D1B8CF7AB4}.Release|x64.ActiveCfg = Release|x64
		{E9BD47DC-F9DC-4ECC-A9FC-18D1B8CF7AB4}.Release|x64.Build.0 = Release|x64
		{E9BD47DC-F9DC-4ECC-A9FC-18D1B8CF7AB4}.Release|x86.ActiveCfg = Release|Any CPU
		{E9BD47DC-F9DC-4ECC-A9FC-18D1B8CF7AB4}.Release|x86.Build.0 = Release|Any CPU
		{96477BDB-773F-46FE-90E3-7538887B14EB}.Debug|Any CPU.ActiveCfg = Debug|Any CPU
		{96477BDB-773F-46FE-90E3-7538887B14EB}.Debug|Any CPU.Build.0 = Debug|Any CPU
		{96477BDB-773F-46FE-90E3-7538887B14EB}.Debug|x64.ActiveCfg = Debug|x64
		{96477BDB-773F-46FE-90E3-7538887B14EB}.Debug|x64.Build.0 = Debug|x64
		{96477BDB-773F-46FE-90E3-7538887B14EB}.Debug|x86.ActiveCfg = Debug|Any CPU
		{96477BDB-773F-46FE-90E3-7538887B14EB}.Debug|x86.Build.0 = Debug|Any CPU
		{96477BDB-773F-46FE-90E3-7538887B14EB}.Release|Any CPU.ActiveCfg = Release|Any CPU
		{96477BDB-773F-46FE-90E3-7538887B14EB}.Release|Any CPU.Build.0 = Release|Any CPU
		{96477BDB-773F-46FE-90E3-7538887B14EB}.Release|x64.ActiveCfg = Release|x64
		{96477BDB-773F-46FE-90E3-7538887B14EB}.Release|x64.Build.0 = Release|x64
		{96477BDB-773F-46FE-90E3-7538887B14EB}.Release|x86.ActiveCfg = Release|Any CPU
		{96477BDB-773F-46FE-90E3-7538887B14EB}.Release|x86.Build.0 = Release|Any CPU
	EndGlobalSection
	GlobalSection(SolutionProperties) = preSolution
		HideSolutionNode = FALSE
	EndGlobalSection
	GlobalSection(ExtensibilityGlobals) = postSolution
		SolutionGuid = {A9E259ED-86EA-4E1C-A404-C8CD15446AF7}
	EndGlobalSection
EndGlobal
